{
  "name": "passport-saml-rit-example",
  "version": "0.0.0",
  "lockfileVersion": 2,
  "requires": true,
  "packages": {
    "": {
      "name": "passport-saml-rit-example",
      "version": "0.0.0",
      "dependencies": {
        "body-parser": "1.11.0",
        "cookie-parser": "1.3.3",
        "dotenv": "0.5.1",
        "express": "4.11.2",
        "express-session": "1.10.2",
        "passport": "0.2.1",
        "passport-saml": "^0.9.0"
      }
    },
    "node_modules/accepts": {
      "version": "1.2.13",
      "resolved": "https://registry.npmjs.org/accepts/-/accepts-1.2.13.tgz",
      "integrity": "sha512-R190A3EzrS4huFOVZajhXCYZt5p5yrkaQOB4nsWzfth0cYaDcSN5J86l58FJ1dt7igp37fB/QhnuFkGAJmr+eg==",
      "dependencies": {
        "mime-types": "~2.1.6",
        "negotiator": "0.5.3"
      },
      "engines": {
        "node": ">= 0.6"
      }
    },
    "node_modules/async": {
      "version": "0.2.10",
      "resolved": "https://registry.npmjs.org/async/-/async-0.2.10.tgz",
      "integrity": "sha512-eAkdoKxU6/LkKDBzLpT+t6Ff5EtfSF4wx1WfJiPEEV7WNLnDaRXk0oVysiEPm262roaachGexwUv94WhSgN5TQ=="
    },
    "node_modules/base64-url": {
      "version": "1.2.0",
      "resolved": "https://registry.npmjs.org/base64-url/-/base64-url-1.2.0.tgz",
      "integrity": "sha512-A0sfcGJ5g+oZ+er/xpo4VENkPgevpOcenuhVD3Bl7viYHmASElsRj22ry1z6kjDzKyXlZqYSvKqUkgmXf4TAhA=="
    },
    "node_modules/body-parser": {
      "version": "1.11.0",
      "resolved": "https://registry.npmjs.org/body-parser/-/body-parser-1.11.0.tgz",
      "integrity": "sha512-TD5oybtZnb48JSGTSiBRc3shYVdUJ6hsALEDLp37UMJEXOpJwOhPJ2zgkcti2fPqyzmj3UDZN7TMrQb3wJe59A==",
      "dependencies": {
        "bytes": "1.0.0",
        "depd": "~1.0.0",
        "iconv-lite": "0.4.6",
        "media-typer": "0.3.0",
        "on-finished": "~2.2.0",
        "qs": "2.3.3",
        "raw-body": "1.3.2",
        "type-is": "~1.5.6"
      },
      "engines": {
        "node": ">= 0.8"
      }
    },
    "node_modules/bytes": {
      "version": "1.0.0",
      "resolved": "https://registry.npmjs.org/bytes/-/bytes-1.0.0.tgz",
      "integrity": "sha512-/x68VkHLeTl3/Ll8IvxdwzhrT+IyKc52e/oyHhA2RwqPqswSnjVbSddfPRwAsJtbilMAPSRWwAlpxdYsSWOTKQ=="
    },
    "node_modules/content-disposition": {
      "version": "0.5.0",
      "resolved": "https://registry.npmjs.org/content-disposition/-/content-disposition-0.5.0.tgz",
      "integrity": "sha512-PWzG8GssMHTPSLBoOeK5MvPPJeWU5ZVX8omvJC16BUH/nUX6J/jM/hgm/mrPWzTXVV3B3OoBhFdHXyGLU4TgUw==",
      "engines": {
        "node": ">= 0.6"
      }
    },
    "node_modules/cookie": {
      "version": "0.1.2",
      "resolved": "https://registry.npmjs.org/cookie/-/cookie-0.1.2.tgz",
      "integrity": "sha512-+mHmWbhevLwkiBf7QcbZXHr0v4ZQQ/OgHk3fsQHrsMMiGzuvAmU/YMUR+ZfrO/BLAGIWFfx2Z7Oyso0tZR/wiA==",
      "engines": {
        "node": "*"
      }
    },
    "node_modules/cookie-parser": {
      "version": "1.3.3",
      "resolved": "https://registry.npmjs.org/cookie-parser/-/cookie-parser-1.3.3.tgz",
      "integrity": "sha512-Ih6TGQRuI2kvqPmyLsq69b6mDxLCEvQKBPlMUoeQMu8GFVFwrjmVI7xskL4ijK0N4Dhcjib56vdT8MvNWfPP2A==",
      "dependencies": {
        "cookie": "0.1.2",
        "cookie-signature": "1.0.5"
      },
      "engines": {
        "node": ">= 0.8.0"
      }
    },
    "node_modules/cookie-signature": {
      "version": "1.0.5",
      "resolved": "https://registry.npmjs.org/cookie-signature/-/cookie-signature-1.0.5.tgz",
      "integrity": "sha512-Ym05XFKVD+EOB43QU3ovI/KvqFo5MP4BGsH+SkAMn2mdjLj2W4bOSyNsw1Ik1gI7CyDtR9Ae2TUFHexgaiEuZg=="
    },
    "node_modules/crc": {
      "version": "3.2.1",
      "resolved": "https://registry.npmjs.org/crc/-/crc-3.2.1.tgz",
      "integrity": "sha512-H21TaZQyic++ilBStWHntVpS2STWO37tzE0w0P5iAY1ntaPVtlZ3E6FcwltyZa6MYrEbKMxjEwXh3fBHlW8Qqw=="
    },
    "node_modules/debug": {
      "version": "2.1.3",
      "resolved": "https://registry.npmjs.org/debug/-/debug-2.1.3.tgz",
      "integrity": "sha512-KWau3VQmxO3YwQCjJzMPPusOtI0hx3UGsqnY7RS+QHQjUeawpOVtJvAdeTrI2Ja5DTR8KH3xaEN8c+ADbXJWeg==",
      "dependencies": {
        "ms": "0.7.0"
      }
    },
    "node_modules/depd": {
      "version": "1.0.1",
      "resolved": "https://registry.npmjs.org/depd/-/depd-1.0.1.tgz",
      "integrity": "sha512-OEWAMbCkK9IWQ8pfTvHBhCSqHgR+sk5pbiYqq0FqfARG4Cy+cRsCbITx6wh5pcsmfBPiJAcbd98tfdz5fnBbag==",
      "engines": {
        "node": ">= 0.6"
      }
    },
    "node_modules/destroy": {
      "version": "1.0.3",
      "resolved": "https://registry.npmjs.org/destroy/-/destroy-1.0.3.tgz",
      "integrity": "sha512-KB/AVLKRwZPOEo6/lxkDJ+Bv3jFRRrhmnRMPvpWwmIfUggpzGkQBqolyo8FRf833b/F5rzmy1uVN3fHBkjTxgw=="
    },
    "node_modules/dotenv": {
      "version": "0.5.1",
      "resolved": "https://registry.npmjs.org/dotenv/-/dotenv-0.5.1.tgz",
      "integrity": "sha512-ON/UM3hCHe9lSUa54BDbpzQtaEX0BCNMAX2+oW+Sw5wFDLfqwqcQ1aFQtnd0YLhgiLrpH3mrIBeR1WbgcoCLFw=="
    },
    "node_modules/ee-first": {
      "version": "1.1.0",
      "resolved": "https://registry.npmjs.org/ee-first/-/ee-first-1.1.0.tgz",
      "integrity": "sha512-n4X/DaHVKHyDy1Rwuzm1UPjTRIBSarj1BBZ5R5HLOFLn58yhw510qoF1zk94jjkw3mXScdsmMtYCNR1jsAJlEA=="
    },
    "node_modules/ejs": {
      "version": "0.8.8",
      "resolved": "https://registry.npmjs.org/ejs/-/ejs-0.8.8.tgz",
      "integrity": "sha512-2E5HBH8LoaSQ2OLW2LmEE1/9dL3YZCKqrQXBEeCv9P/dQlZOfdAYvJFHhNZ35uY6AXba+RllQTRtmJmXXm7i7g==",
      "deprecated": "Critical security bugs fixed in 2.5.5"
    },
    "node_modules/escape-html": {
      "version": "1.0.1",
      "resolved": "https://registry.npmjs.org/escape-html/-/escape-html-1.0.1.tgz",
      "integrity": "sha512-z6kAnok8fqVTra7Yu77dZF2Y6ETJlxH58wN38wNyuNQLm8xXdKnfNrlSmfXsTePWP03rRVUKHubtUwanwUi7+g=="
    },
    "node_modules/etag": {
      "version": "1.5.1",
      "resolved": "https://registry.npmjs.org/etag/-/etag-1.5.1.tgz",
      "integrity": "sha512-Y+bhHICnjqZeY4I1kHDwvWTN0VcrI3ucWNbtofd0LLarRKEK8DkAL0uBdl3HCmf1HMjyrmgC/kqj+zXG5mYe7A==",
      "dependencies": {
        "crc": "3.2.1"
      },
      "engines": {
        "node": ">= 0.6"
      }
    },
    "node_modules/express": {
      "version": "4.11.2",
      "resolved": "https://registry.npmjs.org/express/-/express-4.11.2.tgz",
      "integrity": "sha512-aNDSFzq2p9qKvk/O7LBTiQJbWEvQbTVYNc3/X0DWk026uKGUgTW5Is3vS5lL7Q4OL9GfxYfzkpFMdbi64z3P6Q==",
      "dependencies": {
        "accepts": "~1.2.3",
        "content-disposition": "0.5.0",
        "cookie": "0.1.2",
        "cookie-signature": "1.0.5",
        "debug": "~2.1.1",
        "depd": "~1.0.0",
        "escape-html": "1.0.1",
        "etag": "~1.5.1",
        "finalhandler": "0.3.3",
        "fresh": "0.2.4",
        "media-typer": "0.3.0",
        "merge-descriptors": "0.0.2",
        "methods": "~1.1.1",
        "on-finished": "~2.2.0",
        "parseurl": "~1.3.0",
        "path-to-regexp": "0.1.3",
        "proxy-addr": "~1.0.6",
        "qs": "2.3.3",
        "range-parser": "~1.0.2",
        "send": "0.11.1",
        "serve-static": "~1.8.1",
        "type-is": "~1.5.6",
        "utils-merge": "1.0.0",
        "vary": "~1.0.0"
      },
      "engines": {
        "node": ">= 0.10.0"
      }
    },
    "node_modules/express-session": {
      "version": "1.10.2",
      "resolved": "https://registry.npmjs.org/express-session/-/express-session-1.10.2.tgz",
      "integrity": "sha512-pVZVvgp6TYDEEcwKjKAPUx1HByeXMdUhtfvmMwcOfCeaH71Mmqxz3deck0IFUI90RFKZM6Xj9FwaJjo1VHB96A==",
      "dependencies": {
        "cookie": "0.1.2",
        "cookie-signature": "1.0.5",
        "crc": "3.2.1",
        "debug": "~2.1.1",
        "depd": "~1.0.0",
        "on-headers": "~1.0.0",
        "parseurl": "~1.3.0",
        "uid-safe": "1.0.3",
        "utils-merge": "1.0.0"
      },
      "engines": {
        "node": ">= 0.8.0"
      }
    },
    "node_modules/finalhandler": {
      "version": "0.3.3",
      "resolved": "https://registry.npmjs.org/finalhandler/-/finalhandler-0.3.3.tgz",
      "integrity": "sha512-2Os1f3WIa2papf/sQ10h3NKjI+iadgTUIb2MfIUFcKFZgRSmQtBbYdhKct9wkWjoJA6+zIgIMDFtk4Fd0qKhdg==",
      "dependencies": {
        "debug": "~2.1.1",
        "escape-html": "1.0.1",
        "on-finished": "~2.2.0"
      },
      "engines": {
        "node": ">= 0.8"
      }
    },
    "node_modules/forwarded": {
      "version": "0.1.2",
      "resolved": "https://registry.npmjs.org/forwarded/-/forwarded-0.1.2.tgz",
      "integrity": "sha512-Ua9xNhH0b8pwE3yRbFfXJvfdWF0UHNCdeyb2sbi9Ul/M+r3PTdrz7Cv4SCfZRMjmzEM9PhraqfZFbGTIg3OMyA==",
      "engines": {
        "node": ">= 0.6"
      }
    },
    "node_modules/fresh": {
      "version": "0.2.4",
      "resolved": "https://registry.npmjs.org/fresh/-/fresh-0.2.4.tgz",
      "integrity": "sha512-mnBGgIFRNu54GtbkXy6+QKPYW/b5joAURorA8ELeJc/5BBNph6Go1NmHa9dt08ghFnhGuLenrUmNO8Za1CwEUQ==",
      "engines": {
        "node": ">= 0.6"
      }
    },
    "node_modules/iconv-lite": {
      "version": "0.4.6",
      "resolved": "https://registry.npmjs.org/iconv-lite/-/iconv-lite-0.4.6.tgz",
      "integrity": "sha512-aop+f6/kQEnzTfi6Rv8KLQMt1bY8/0bFTS5oSiYnwXlCH6eI/gJzL+rGjTwsA7soKCcq/hkeDySFC7PwBELX2w==",
      "engines": {
        "node": ">=0.8.0"
      }
    },
    "node_modules/ipaddr.js": {
      "version": "1.0.5",
      "resolved": "https://registry.npmjs.org/ipaddr.js/-/ipaddr.js-1.0.5.tgz",
      "integrity": "sha512-wBj+q+3uP78gMowwWgFLAYm/q4x5goyZmDsmuvyz+nd1u0D/ghgXXtc1OkgmTzSiWT101kiqGacwFk9eGQw6xQ==",
      "engines": {
        "node": ">= 0.10"
      }
    },
    "node_modules/lodash-node": {
      "version": "2.4.1",
      "resolved": "https://registry.npmjs.org/lodash-node/-/lodash-node-2.4.1.tgz",
      "integrity": "sha512-egEt8eNQp2kZWRmngahiqMoDCDCENv3uM188S7Ed5t4k3v6RrLELXC+FqLNMUnhCo7gvQX3G1V8opK/Lcslahg==",
      "deprecated": "This package is discontinued. Use lodash@^4.0.0."
    },
    "node_modules/media-typer": {
      "version": "0.3.0",
      "resolved": "https://registry.npmjs.org/media-typer/-/media-typer-0.3.0.tgz",
      "integrity": "sha512-dq+qelQ9akHpcOl/gUVRTxVIOkAJ1wR3QAvb4RsVjS8oVoFjDGTc679wJYmUmknUF5HwMLOgb5O+a3KxfWapPQ==",
      "engines": {
        "node": ">= 0.6"
      }
    },
    "node_modules/merge-descriptors": {
      "version": "0.0.2",
      "resolved": "https://registry.npmjs.org/merge-descriptors/-/merge-descriptors-0.0.2.tgz",
      "integrity": "sha512-dYBT4Ep+t/qnPeJcnMymmhTdd4g8/hn48ciaDqLAkfRf8abzLPS6Rb6EBdz5CZCL8tzZuI5ps9MhGQGxk+EuKg=="
    },
    "node_modules/methods": {
      "version": "1.1.2",
      "resolved": "https://registry.npmjs.org/methods/-/methods-1.1.2.tgz",
      "integrity": "sha512-iclAHeNqNm68zFtnZ0e+1L2yUIdvzNoauKU4WBA3VvH/vPFieF7qfRlwUZU+DA9P9bPXIS90ulxoUoCH23sV2w==",
      "engines": {
        "node": ">= 0.6"
      }
    },
    "node_modules/mime": {
      "version": "1.2.11",
      "resolved": "https://registry.npmjs.org/mime/-/mime-1.2.11.tgz",
      "integrity": "sha512-Ysa2F/nqTNGHhhm9MV8ure4+Hc+Y8AWiqUdHxsO7xu8zc92ND9f3kpALHjaP026Ft17UfxrMt95c50PLUeynBw=="
    },
    "node_modules/mime-db": {
      "version": "1.52.0",
      "resolved": "https://registry.npmjs.org/mime-db/-/mime-db-1.52.0.tgz",
      "integrity": "sha512-sPU4uV7dYlvtWJxwwxHD0PuihVNiE7TyAbQ5SWxDCB9mUYvOgroQOwYQQOKPJ8CIbE+1ETVlOoK1UC2nU3gYvg==",
      "engines": {
        "node": ">= 0.6"
      }
    },
    "node_modules/mime-types": {
      "version": "2.1.35",
      "resolved": "https://registry.npmjs.org/mime-types/-/mime-types-2.1.35.tgz",
      "integrity": "sha512-ZDY+bPm5zTTF+YpCrAU9nK0UgICYPT0QtT1NZWFv4s++TNkcgVaT0g6+4R2uI4MjQjzysHB1zxuWL50hzaeXiw==",
      "dependencies": {
        "mime-db": "1.52.0"
      },
      "engines": {
        "node": ">= 0.6"
      }
    },
    "node_modules/ms": {
      "version": "0.7.0",
      "resolved": "https://registry.npmjs.org/ms/-/ms-0.7.0.tgz",
      "integrity": "sha512-YmuMMkfOZzzAftlHwiQxFepJx/5rDaYi9o9QanyBCk485BRAyM/vB9XoYlZvglxE/pmAWOiQgrdoE10watiK9w=="
    },
    "node_modules/native-or-bluebird": {
      "version": "1.1.2",
      "resolved": "https://registry.npmjs.org/native-or-bluebird/-/native-or-bluebird-1.1.2.tgz",
      "integrity": "sha512-Bgn5FHNkd+lPTjIzq1NVU/VZTvPKFvhdIDEyYjxrKNrScSXbVvNVzOKwoleysun0/HoN7R+TXmK9mCtEs84osA==",
      "deprecated": "'native-or-bluebird' is deprecated. Please use 'any-promise' instead."
    },
    "node_modules/negotiator": {
      "version": "0.5.3",
      "resolved": "https://registry.npmjs.org/negotiator/-/negotiator-0.5.3.tgz",
      "integrity": "sha512-oXmnazqehLNFohqgLxRyUdOQU9/UX0NpCpsnbjWUjM62ZM8oSOXYZpHc68XR130ftPNano0oQXGdREAplZRhaQ==",
      "engines": {
        "node": ">= 0.6"
      }
    },
    "node_modules/node-forge": {
      "version": "0.2.24",
      "resolved": "https://registry.npmjs.org/node-forge/-/node-forge-0.2.24.tgz",
      "integrity": "sha512-1y4WL1S6NQxoWH/pwweve88fhXD0tbMfiakZileMHDJDbhXjPh5omL2B5EVDtjdGkBOrTxqRjE3y8tucCl7AfQ==",
      "engines": {
        "node": "*"
      }
    },
    "node_modules/on-finished": {
      "version": "2.2.1",
      "resolved": "https://registry.npmjs.org/on-finished/-/on-finished-2.2.1.tgz",
      "integrity": "sha512-9HvMYLv7im5uzOAcg1lon2cEUxycCF4OI+zPz1R/x3MvBv5s2F+DuxrGwkPe+UwvStDQpWbrkXfLZv12mHbl4A==",
      "dependencies": {
        "ee-first": "1.1.0"
      },
      "engines": {
        "node": ">= 0.8"
      }
    },
    "node_modules/on-headers": {
      "version": "1.0.2",
      "resolved": "https://registry.npmjs.org/on-headers/-/on-headers-1.0.2.tgz",
      "integrity": "sha512-pZAE+FJLoyITytdqK0U5s+FIpjN0JP3OzFi/u8Rx+EV5/W+JTWGXG8xFzevE7AjBfDqHv/8vL8qQsIhHnqRkrA==",
      "engines": {
        "node": ">= 0.8"
      }
    },
    "node_modules/parseurl": {
      "version": "1.3.3",
      "resolved": "https://registry.npmjs.org/parseurl/-/parseurl-1.3.3.tgz",
      "integrity": "sha512-CiyeOxFT/JZyN5m0z9PfXw4SCBJ6Sygz1Dpl0wqjlhDEGGBP1GnsUVEL0p63hoG1fcj3fHynXi9NYO4nWOL+qQ==",
      "engines": {
        "node": ">= 0.8"
      }
    },
    "node_modules/passport": {
      "version": "0.2.1",
      "resolved": "https://registry.npmjs.org/passport/-/passport-0.2.1.tgz",
      "integrity": "sha512-lWRGlbd6uq6f2gJAudQn4B7dslanskdFDEZRYAF7fCjD+KhAjy8hqpJXZJLIbbkOtmrRLzMvelBigSvzMBK7oQ==",
      "dependencies": {
        "passport-strategy": "1.x.x",
        "pause": "0.0.1"
      },
      "engines": {
        "node": ">= 0.4.0"
      }
    },
    "node_modules/passport-saml": {
      "version": "0.9.0",
      "resolved": "https://registry.npmjs.org/passport-saml/-/passport-saml-0.9.0.tgz",
      "integrity": "sha512-82Di+/NJiUVJFSa+Jn3LnHKSQp7Sktio++eQRSKZlwxZHPoyCyJ17EhrV3x6NKcvvh74WkjW38hp/527iojyqQ==",
      "deprecated": "For versions >= 4, please use scopped package @node-saml/passport-saml",
      "dependencies": {
        "passport": "0.2.x",
        "q": "1.1.x",
        "xml-crypto": "0.1.x",
        "xml-encryption": "~0.7",
        "xml2js": "0.4.x",
        "xmlbuilder": "~2.4",
        "xmldom": "0.1.x"
      },
      "engines": {
        "node": ">= 0.8.0"
      }
    },
    "node_modules/passport-strategy": {
      "version": "1.0.0",
      "resolved": "https://registry.npmjs.org/passport-strategy/-/passport-strategy-1.0.0.tgz",
      "integrity": "sha512-CB97UUvDKJde2V0KDWWB3lyf6PC3FaZP7YxZ2G8OAtn9p4HI9j9JLP9qjOGZFvyl8uwNT8qM+hGnz/n16NI7oA==",
      "engines": {
        "node": ">= 0.4.0"
      }
    },
    "node_modules/path-to-regexp": {
      "version": "0.1.3",
      "resolved": "https://registry.npmjs.org/path-to-regexp/-/path-to-regexp-0.1.3.tgz",
      "integrity": "sha512-sd4vSOW+DCM6A5aRICI1CWaC7nufnzVpZfuh5T0VXshxxzFWuaFcvqKovAFLNGReOc+uZRptpcpPmn7CDvzLuA=="
    },
    "node_modules/pause": {
      "version": "0.0.1",
      "resolved": "https://registry.npmjs.org/pause/-/pause-0.0.1.tgz",
      "integrity": "sha512-KG8UEiEVkR3wGEb4m5yZkVCzigAD+cVEJck2CzYZO37ZGJfctvVptVO192MwrtPhzONn6go8ylnOdMhKqi4nfg=="
    },
    "node_modules/proxy-addr": {
      "version": "1.0.10",
      "resolved": "https://registry.npmjs.org/proxy-addr/-/proxy-addr-1.0.10.tgz",
      "integrity": "sha512-iq6kR9KN32aFvXjDyC8nIrm203AHeIBPjL6dpaHgSdbpTO8KoPlD0xG92xwwtkCL9+yt1LE5VwpEk43TyP38Dg==",
      "dependencies": {
        "forwarded": "~0.1.0",
        "ipaddr.js": "1.0.5"
      },
      "engines": {
        "node": ">= 0.6"
      }
    },
    "node_modules/q": {
      "version": "1.1.2",
      "resolved": "https://registry.npmjs.org/q/-/q-1.1.2.tgz",
      "integrity": "sha512-ROtylwux7Vkc4C07oKE/ReigUmb33kVoLtcR4SJ1QVqwaZkBEDL3vX4/kwFzIERQ5PfCl0XafbU8u2YUhyGgVA==",
      "engines": {
        "node": ">=0.6.0",
        "teleport": ">=0.2.0"
      }
    },
    "node_modules/qs": {
      "version": "2.3.3",
      "resolved": "https://registry.npmjs.org/qs/-/qs-2.3.3.tgz",
      "integrity": "sha512-f5M0HQqZWkzU8GELTY8LyMrGkr3bPjKoFtTkwUEqJQbcljbeK8M7mliP9Ia2xoOI6oMerp+QPS7oYJtpGmWe/A=="
    },
    "node_modules/range-parser": {
      "version": "1.0.3",
      "resolved": "https://registry.npmjs.org/range-parser/-/range-parser-1.0.3.tgz",
      "integrity": "sha512-nDsRrtIxVUO5opg/A8T2S3ebULVIfuh8ECbh4w3N4mWxIiT3QILDJDUQayPqm2e8Q8NUa0RSUkGCfe33AfjR3Q==",
      "engines": {
        "node": ">= 0.6"
      }
    },
    "node_modules/raw-body": {
      "version": "1.3.2",
      "resolved": "https://registry.npmjs.org/raw-body/-/raw-body-1.3.2.tgz",
      "integrity": "sha512-mo8/xcztEzTWt6oNV48j4fDf+YyLUEGhO+tZ1XUvlya1XV4yR343PtP6a/1ozJmVMUoEMB0YcNpBuF3o5t8csA==",
      "dependencies": {
        "bytes": "1.0.0",
        "iconv-lite": "0.4.6"
      },
      "engines": {
        "node": ">= 0.8.0"
      }
    },
    "node_modules/sax": {
      "version": "1.2.4",
      "resolved": "https://registry.npmjs.org/sax/-/sax-1.2.4.tgz",
      "integrity": "sha512-NqVDv9TpANUjFm0N8uM5GxL36UgKi9/atZw+x7YFnQ8ckwFGKrl4xX4yWtrey3UJm5nP1kUbnYgLopqWNSRhWw=="
    },
    "node_modules/send": {
      "version": "0.11.1",
      "resolved": "https://registry.npmjs.org/send/-/send-0.11.1.tgz",
      "integrity": "sha512-OeD0vwGXsQpyrdGganLdZRYOZFOM5Acb99nloxNcx7ECJfqB4XUGUfFNE12/TU1VwpJnCUt1XFIT02prFFHdzg==",
      "dependencies": {
        "debug": "~2.1.1",
        "depd": "~1.0.0",
        "destroy": "1.0.3",
        "escape-html": "1.0.1",
        "etag": "~1.5.1",
        "fresh": "0.2.4",
        "mime": "1.2.11",
        "ms": "0.7.0",
        "on-finished": "~2.2.0",
        "range-parser": "~1.0.2"
      },
      "engines": {
        "node": ">= 0.8.0"
      }
    },
    "node_modules/serve-static": {
      "version": "1.8.1",
      "resolved": "https://registry.npmjs.org/serve-static/-/serve-static-1.8.1.tgz",
      "integrity": "sha512-6VxXIbQ64SVDQ+tcPHuibd5NUI23jRY0BQhafagbv1wahH5LDslYIpJtYl/KQrRSu1U7ax54+gWFm9yrxqLBiw==",
      "dependencies": {
        "escape-html": "1.0.1",
        "parseurl": "~1.3.0",
        "send": "0.11.1",
        "utils-merge": "1.0.0"
      },
      "engines": {
        "node": ">= 0.8.0"
      }
    },
    "node_modules/type-is": {
      "version": "1.5.7",
      "resolved": "https://registry.npmjs.org/type-is/-/type-is-1.5.7.tgz",
      "integrity": "sha512-of68V0oUmVH4thGc1cLR3sKdICPsaL7kzpYc7FX1pcagY4eIllhyMqQcoOq289f+xj2orm8oPWwsCwxiCgVJbQ==",
      "dependencies": {
        "media-typer": "0.3.0",
        "mime-types": "~2.0.9"
      },
      "engines": {
        "node": ">= 0.6"
      }
    },
    "node_modules/type-is/node_modules/mime-db": {
      "version": "1.12.0",
      "resolved": "https://registry.npmjs.org/mime-db/-/mime-db-1.12.0.tgz",
      "integrity": "sha512-5aMAW7I4jZoZB27fXRuekqc4DVvJ7+hM8UcWrNj2mqibE54gXgPSonBYBdQW5hyaVNGmiYjY0ZMqn9fBefWYvA==",
      "engines": {
        "node": ">= 0.6"
      }
    },
    "node_modules/type-is/node_modules/mime-types": {
      "version": "2.0.14",
      "resolved": "https://registry.npmjs.org/mime-types/-/mime-types-2.0.14.tgz",
      "integrity": "sha512-2ZHUEstNkIf2oTWgtODr6X0Cc4Ns/RN/hktdozndiEhhAC2wxXejF1FH0XLHTEImE9h6gr/tcnr3YOnSGsxc7Q==",
      "dependencies": {
        "mime-db": "~1.12.0"
      },
      "engines": {
        "node": ">= 0.6"
      }
    },
    "node_modules/uid-safe": {
      "version": "1.0.3",
      "resolved": "https://registry.npmjs.org/uid-safe/-/uid-safe-1.0.3.tgz",
      "integrity": "sha512-g2RZv8L/xYNH387VHtJ2id5XJ+Wzp1kc3MCHVf+eGlav0/3b7GtvgEUX3kKT5gM1SiN14H9eskbTgUPrlXcTEA==",
      "dependencies": {
        "base64-url": "1.2.0",
        "native-or-bluebird": "~1.1.2"
      },
      "engines": {
        "node": ">= 0.8"
      }
    },
    "node_modules/utils-merge": {
      "version": "1.0.0",
      "resolved": "https://registry.npmjs.org/utils-merge/-/utils-merge-1.0.0.tgz",
      "integrity": "sha512-HwU9SLQEtyo+0uoKXd1nkLqigUWLB+QuNQR4OcmB73eWqksM5ovuqcycks2x043W8XVb75rG1HQ0h93TMXkzQQ==",
      "engines": {
        "node": ">= 0.4.0"
      }
    },
    "node_modules/vary": {
      "version": "1.0.1",
      "resolved": "https://registry.npmjs.org/vary/-/vary-1.0.1.tgz",
      "integrity": "sha512-yNsH+tC0r8quK2tg/yqkXqqaYzeKTkSqQ+8T6xCoWgOi/bU/omMYz+6k+I91JJJDeltJzI7oridTOq6OYkY0Tw==",
      "engines": {
        "node": ">= 0.8"
      }
    },
    "node_modules/xml-crypto": {
      "version": "0.1.26",
      "resolved": "https://registry.npmjs.org/xml-crypto/-/xml-crypto-0.1.26.tgz",
      "integrity": "sha512-EI62dZkER6sf1AYCr4lYxItofBFuqOHjid1kauQxTyUPDyzbXNgG1hy/HAOWbAknb+pxRfy0PhHBgCheCkvfZQ==",
      "dependencies": {
        "xmldom": "=0.1.16",
        "xmldom-fork-fixed": ">=0.0.1",
        "xpath.js": ">=0.0.3"
      },
      "engines": {
        "node": ">=0.4.0"
      }
    },
    "node_modules/xml-crypto/node_modules/xmldom": {
      "version": "0.1.16",
      "resolved": "https://registry.npmjs.org/xmldom/-/xmldom-0.1.16.tgz",
      "integrity": "sha512-BAf7j3VCoH0YKmJkdN1yXDeHRj+T9Z2oxIhuaSvX3NigmNEInT9o9We6T+Ruh75hLZQBnATmekSmd0nd6GGrow==",
      "deprecated": "Deprecated due to CVE-2021-21366 resolved in 0.5.0",
      "engines": {
        "node": ">=0.1"
      }
    },
    "node_modules/xml-encryption": {
      "version": "0.7.4",
      "resolved": "https://registry.npmjs.org/xml-encryption/-/xml-encryption-0.7.4.tgz",
      "integrity": "sha512-gwwKa9TwNT8S4dimixE+k4wsOOxK6Rt7ctxGRtuZyT7bWPvJwMTbYLLDKu7WG19vKwDMqMqGkVjbLQquKDY7pw==",
      "dependencies": {
        "async": "~0.2.7",
        "ejs": "~0.8.3",
        "node-forge": "0.2.24",
        "xmldom": "~0.1.15",
        "xpath": "0.0.5"
      }
    },
    "node_modules/xml2js": {
      "version": "0.4.23",
      "resolved": "https://registry.npmjs.org/xml2js/-/xml2js-0.4.23.tgz",
      "integrity": "sha512-ySPiMjM0+pLDftHgXY4By0uswI3SPKLDw/i3UXbnO8M/p28zqexCUoPmQFrYD+/1BzhGJSs2i1ERWKJAtiLrug==",
      "dependencies": {
        "sax": ">=0.6.0",
        "xmlbuilder": "~11.0.0"
      },
      "engines": {
        "node": ">=4.0.0"
      }
    },
    "node_modules/xml2js/node_modules/xmlbuilder": {
      "version": "11.0.1",
      "resolved": "https://registry.npmjs.org/xmlbuilder/-/xmlbuilder-11.0.1.tgz",
      "integrity": "sha512-fDlsI/kFEx7gLvbecc0/ohLG50fugQp8ryHzMTuW9vSa1GJ0XYWKnhsUx7oie3G98+r56aTQIUB4kht42R3JvA==",
      "engines": {
        "node": ">=4.0"
      }
    },
    "node_modules/xmlbuilder": {
      "version": "2.4.6",
      "resolved": "https://registry.npmjs.org/xmlbuilder/-/xmlbuilder-2.4.6.tgz",
      "integrity": "sha512-XlzrGzmre47IttBpwbRQMWYhuY4wQbDxcmMnNosPTHr/Rd7/BIBvlvyvDanG9vrYAQDiX8CmMo+XpmGfsoGBJg==",
      "dependencies": {
        "lodash-node": "~2.4.1"
      },
      "engines": {
        "node": "0.8.x || 0.10.x || 0.11.x  || 1.0.x"
      }
    },
    "node_modules/xmldom": {
      "version": "0.1.31",
      "resolved": "https://registry.npmjs.org/xmldom/-/xmldom-0.1.31.tgz",
      "integrity": "sha512-yS2uJflVQs6n+CyjHoaBmVSqIDevTAWrzMmjG1Gc7h1qQ7uVozNhEPJAwZXWyGQ/Gafo3fCwrcaokezLPupVyQ==",
      "deprecated": "Deprecated due to CVE-2021-21366 resolved in 0.5.0",
      "engines": {
        "node": ">=0.1"
      }
    },
    "node_modules/xmldom-fork-fixed": {
      "version": "0.0.1",
      "resolved": "https://registry.npmjs.org/xmldom-fork-fixed/-/xmldom-fork-fixed-0.0.1.tgz",
      "integrity": "sha512-XAh4oO++IkICsegrDes1I25uAUS8fZY0ZrIxqtrTUuMkqsif3jykAqmb4JBdenM2F208RPESdnSEZnADRoDiuw==",
      "engines": {
        "node": ">=0.1"
      }
    },
    "node_modules/xpath": {
      "version": "0.0.5",
      "resolved": "https://registry.npmjs.org/xpath/-/xpath-0.0.5.tgz",
      "integrity": "sha512-Y1Oyy8lyIDwWpmKIWBF0RZrQOP1fzE12G0ekSB1yzKPtbAdCI5sBCqBU/CAZUkKk81OXuq9tul/5lyNS+22iKg==",
      "engines": {
        "node": ">=0.6.0"
      }
    },
    "node_modules/xpath.js": {
      "version": "1.1.0",
      "resolved": "https://registry.npmjs.org/xpath.js/-/xpath.js-1.1.0.tgz",
      "integrity": "sha512-jg+qkfS4K8E7965sqaUl8mRngXiKb3WZGfONgE18pr03FUQiuSV6G+Ej4tS55B+rIQSFEIw3phdVAQ4pPqNWfQ==",
      "engines": {
        "node": ">=0.4.0"
      }
    }
  },
  "dependencies": {
    "accepts": {
      "version": "1.2.13",
      "resolved": "https://registry.npmjs.org/accepts/-/accepts-1.2.13.tgz",
      "integrity": "sha512-R190A3EzrS4huFOVZajhXCYZt5p5yrkaQOB4nsWzfth0cYaDcSN5J86l58FJ1dt7igp37fB/QhnuFkGAJmr+eg==",
      "requires": {
        "mime-types": "~2.1.6",
        "negotiator": "0.5.3"
      }
    },
    "async": {
      "version": "0.2.10",
      "resolved": "https://registry.npmjs.org/async/-/async-0.2.10.tgz",
      "integrity": "sha512-eAkdoKxU6/LkKDBzLpT+t6Ff5EtfSF4wx1WfJiPEEV7WNLnDaRXk0oVysiEPm262roaachGexwUv94WhSgN5TQ=="
    },
    "base64-url": {
      "version": "1.2.0",
      "resolved": "https://registry.npmjs.org/base64-url/-/base64-url-1.2.0.tgz",
      "integrity": "sha512-A0sfcGJ5g+oZ+er/xpo4VENkPgevpOcenuhVD3Bl7viYHmASElsRj22ry1z6kjDzKyXlZqYSvKqUkgmXf4TAhA=="
    },
    "body-parser": {
      "version": "1.11.0",
      "resolved": "https://registry.npmjs.org/body-parser/-/body-parser-1.11.0.tgz",
      "integrity": "sha512-TD5oybtZnb48JSGTSiBRc3shYVdUJ6hsALEDLp37UMJEXOpJwOhPJ2zgkcti2fPqyzmj3UDZN7TMrQb3wJe59A==",
      "requires": {
        "bytes": "1.0.0",
        "depd": "~1.0.0",
        "iconv-lite": "0.4.6",
        "media-typer": "0.3.0",
        "on-finished": "~2.2.0",
        "qs": "2.3.3",
        "raw-body": "1.3.2",
        "type-is": "~1.5.6"
      }
    },
    "bytes": {
      "version": "1.0.0",
      "resolved": "https://registry.npmjs.org/bytes/-/bytes-1.0.0.tgz",
      "integrity": "sha512-/x68VkHLeTl3/Ll8IvxdwzhrT+IyKc52e/oyHhA2RwqPqswSnjVbSddfPRwAsJtbilMAPSRWwAlpxdYsSWOTKQ=="
    },
    "content-disposition": {
      "version": "0.5.0",
      "resolved": "https://registry.npmjs.org/content-disposition/-/content-disposition-0.5.0.tgz",
      "integrity": "sha512-PWzG8GssMHTPSLBoOeK5MvPPJeWU5ZVX8omvJC16BUH/nUX6J/jM/hgm/mrPWzTXVV3B3OoBhFdHXyGLU4TgUw=="
    },
    "cookie": {
      "version": "0.1.2",
      "resolved": "https://registry.npmjs.org/cookie/-/cookie-0.1.2.tgz",
      "integrity": "sha512-+mHmWbhevLwkiBf7QcbZXHr0v4ZQQ/OgHk3fsQHrsMMiGzuvAmU/YMUR+ZfrO/BLAGIWFfx2Z7Oyso0tZR/wiA=="
    },
    "cookie-parser": {
      "version": "1.3.3",
      "resolved": "https://registry.npmjs.org/cookie-parser/-/cookie-parser-1.3.3.tgz",
      "integrity": "sha512-Ih6TGQRuI2kvqPmyLsq69b6mDxLCEvQKBPlMUoeQMu8GFVFwrjmVI7xskL4ijK0N4Dhcjib56vdT8MvNWfPP2A==",
      "requires": {
        "cookie": "0.1.2",
        "cookie-signature": "1.0.5"
      }
    },
    "cookie-signature": {
      "version": "1.0.5",
      "resolved": "https://registry.npmjs.org/cookie-signature/-/cookie-signature-1.0.5.tgz",
      "integrity": "sha512-Ym05XFKVD+EOB43QU3ovI/KvqFo5MP4BGsH+SkAMn2mdjLj2W4bOSyNsw1Ik1gI7CyDtR9Ae2TUFHexgaiEuZg=="
    },
    "crc": {
      "version": "3.2.1",
      "resolved": "https://registry.npmjs.org/crc/-/crc-3.2.1.tgz",
      "integrity": "sha512-H21TaZQyic++ilBStWHntVpS2STWO37tzE0w0P5iAY1ntaPVtlZ3E6FcwltyZa6MYrEbKMxjEwXh3fBHlW8Qqw=="
    },
    "debug": {
      "version": "2.1.3",
      "resolved": "https://registry.npmjs.org/debug/-/debug-2.1.3.tgz",
      "integrity": "sha512-KWau3VQmxO3YwQCjJzMPPusOtI0hx3UGsqnY7RS+QHQjUeawpOVtJvAdeTrI2Ja5DTR8KH3xaEN8c+ADbXJWeg==",
      "requires": {
        "ms": "0.7.0"
      }
    },
    "depd": {
      "version": "1.0.1",
      "resolved": "https://registry.npmjs.org/depd/-/depd-1.0.1.tgz",
      "integrity": "sha512-OEWAMbCkK9IWQ8pfTvHBhCSqHgR+sk5pbiYqq0FqfARG4Cy+cRsCbITx6wh5pcsmfBPiJAcbd98tfdz5fnBbag=="
    },
    "destroy": {
      "version": "1.0.3",
      "resolved": "https://registry.npmjs.org/destroy/-/destroy-1.0.3.tgz",
      "integrity": "sha512-KB/AVLKRwZPOEo6/lxkDJ+Bv3jFRRrhmnRMPvpWwmIfUggpzGkQBqolyo8FRf833b/F5rzmy1uVN3fHBkjTxgw=="
    },
    "dotenv": {
      "version": "0.5.1",
      "resolved": "https://registry.npmjs.org/dotenv/-/dotenv-0.5.1.tgz",
      "integrity": "sha512-ON/UM3hCHe9lSUa54BDbpzQtaEX0BCNMAX2+oW+Sw5wFDLfqwqcQ1aFQtnd0YLhgiLrpH3mrIBeR1WbgcoCLFw=="
    },
    "ee-first": {
      "version": "1.1.0",
      "resolved": "https://registry.npmjs.org/ee-first/-/ee-first-1.1.0.tgz",
      "integrity": "sha512-n4X/DaHVKHyDy1Rwuzm1UPjTRIBSarj1BBZ5R5HLOFLn58yhw510qoF1zk94jjkw3mXScdsmMtYCNR1jsAJlEA=="
    },
    "ejs": {
      "version": "0.8.8",
      "resolved": "https://registry.npmjs.org/ejs/-/ejs-0.8.8.tgz",
      "integrity": "sha512-2E5HBH8LoaSQ2OLW2LmEE1/9dL3YZCKqrQXBEeCv9P/dQlZOfdAYvJFHhNZ35uY6AXba+RllQTRtmJmXXm7i7g=="
    },
    "escape-html": {
      "version": "1.0.1",
      "resolved": "https://registry.npmjs.org/escape-html/-/escape-html-1.0.1.tgz",
      "integrity": "sha512-z6kAnok8fqVTra7Yu77dZF2Y6ETJlxH58wN38wNyuNQLm8xXdKnfNrlSmfXsTePWP03rRVUKHubtUwanwUi7+g=="
    },
    "etag": {
      "version": "1.5.1",
      "resolved": "https://registry.npmjs.org/etag/-/etag-1.5.1.tgz",
      "integrity": "sha512-Y+bhHICnjqZeY4I1kHDwvWTN0VcrI3ucWNbtofd0LLarRKEK8DkAL0uBdl3HCmf1HMjyrmgC/kqj+zXG5mYe7A==",
      "requires": {
        "crc": "3.2.1"
      }
    },
    "express": {
      "version": "4.11.2",
      "resolved": "https://registry.npmjs.org/express/-/express-4.11.2.tgz",
      "integrity": "sha512-aNDSFzq2p9qKvk/O7LBTiQJbWEvQbTVYNc3/X0DWk026uKGUgTW5Is3vS5lL7Q4OL9GfxYfzkpFMdbi64z3P6Q==",
      "requires": {
        "accepts": "~1.2.3",
        "content-disposition": "0.5.0",
        "cookie": "0.1.2",
        "cookie-signature": "1.0.5",
        "debug": "~2.1.1",
        "depd": "~1.0.0",
        "escape-html": "1.0.1",
        "etag": "~1.5.1",
        "finalhandler": "0.3.3",
        "fresh": "0.2.4",
        "media-typer": "0.3.0",
        "merge-descriptors": "0.0.2",
        "methods": "~1.1.1",
        "on-finished": "~2.2.0",
        "parseurl": "~1.3.0",
        "path-to-regexp": "0.1.3",
        "proxy-addr": "~1.0.6",
        "qs": "2.3.3",
        "range-parser": "~1.0.2",
        "send": "0.11.1",
        "serve-static": "~1.8.1",
        "type-is": "~1.5.6",
        "utils-merge": "1.0.0",
        "vary": "~1.0.0"
      }
    },
    "express-session": {
      "version": "1.10.2",
      "resolved": "https://registry.npmjs.org/express-session/-/express-session-1.10.2.tgz",
      "integrity": "sha512-pVZVvgp6TYDEEcwKjKAPUx1HByeXMdUhtfvmMwcOfCeaH71Mmqxz3deck0IFUI90RFKZM6Xj9FwaJjo1VHB96A==",
      "requires": {
        "cookie": "0.1.2",
        "cookie-signature": "1.0.5",
        "crc": "3.2.1",
        "debug": "~2.1.1",
        "depd": "~1.0.0",
        "on-headers": "~1.0.0",
        "parseurl": "~1.3.0",
        "uid-safe": "1.0.3",
        "utils-merge": "1.0.0"
      }
    },
    "finalhandler": {
      "version": "0.3.3",
      "resolved": "https://registry.npmjs.org/finalhandler/-/finalhandler-0.3.3.tgz",
      "integrity": "sha512-2Os1f3WIa2papf/sQ10h3NKjI+iadgTUIb2MfIUFcKFZgRSmQtBbYdhKct9wkWjoJA6+zIgIMDFtk4Fd0qKhdg==",
      "requires": {
        "debug": "~2.1.1",
        "escape-html": "1.0.1",
        "on-finished": "~2.2.0"
      }
    },
    "forwarded": {
      "version": "0.1.2",
      "resolved": "https://registry.npmjs.org/forwarded/-/forwarded-0.1.2.tgz",
      "integrity": "sha512-Ua9xNhH0b8pwE3yRbFfXJvfdWF0UHNCdeyb2sbi9Ul/M+r3PTdrz7Cv4SCfZRMjmzEM9PhraqfZFbGTIg3OMyA=="
    },
    "fresh": {
      "version": "0.2.4",
      "resolved": "https://registry.npmjs.org/fresh/-/fresh-0.2.4.tgz",
      "integrity": "sha512-mnBGgIFRNu54GtbkXy6+QKPYW/b5joAURorA8ELeJc/5BBNph6Go1NmHa9dt08ghFnhGuLenrUmNO8Za1CwEUQ=="
    },
    "iconv-lite": {
      "version": "0.4.6",
      "resolved": "https://registry.npmjs.org/iconv-lite/-/iconv-lite-0.4.6.tgz",
      "integrity": "sha512-aop+f6/kQEnzTfi6Rv8KLQMt1bY8/0bFTS5oSiYnwXlCH6eI/gJzL+rGjTwsA7soKCcq/hkeDySFC7PwBELX2w=="
    },
    "ipaddr.js": {
      "version": "1.0.5",
      "resolved": "https://registry.npmjs.org/ipaddr.js/-/ipaddr.js-1.0.5.tgz",
      "integrity": "sha512-wBj+q+3uP78gMowwWgFLAYm/q4x5goyZmDsmuvyz+nd1u0D/ghgXXtc1OkgmTzSiWT101kiqGacwFk9eGQw6xQ=="
    },
    "lodash-node": {
      "version": "2.4.1",
      "resolved": "https://registry.npmjs.org/lodash-node/-/lodash-node-2.4.1.tgz",
      "integrity": "sha512-egEt8eNQp2kZWRmngahiqMoDCDCENv3uM188S7Ed5t4k3v6RrLELXC+FqLNMUnhCo7gvQX3G1V8opK/Lcslahg=="
    },
    "media-typer": {
      "version": "0.3.0",
      "resolved": "https://registry.npmjs.org/media-typer/-/media-typer-0.3.0.tgz",
      "integrity": "sha512-dq+qelQ9akHpcOl/gUVRTxVIOkAJ1wR3QAvb4RsVjS8oVoFjDGTc679wJYmUmknUF5HwMLOgb5O+a3KxfWapPQ=="
    },
    "merge-descriptors": {
      "version": "0.0.2",
      "resolved": "https://registry.npmjs.org/merge-descriptors/-/merge-descriptors-0.0.2.tgz",
      "integrity": "sha512-dYBT4Ep+t/qnPeJcnMymmhTdd4g8/hn48ciaDqLAkfRf8abzLPS6Rb6EBdz5CZCL8tzZuI5ps9MhGQGxk+EuKg=="
    },
    "methods": {
      "version": "1.1.2",
      "resolved": "https://registry.npmjs.org/methods/-/methods-1.1.2.tgz",
      "integrity": "sha512-iclAHeNqNm68zFtnZ0e+1L2yUIdvzNoauKU4WBA3VvH/vPFieF7qfRlwUZU+DA9P9bPXIS90ulxoUoCH23sV2w=="
    },
    "mime": {
      "version": "1.2.11",
      "resolved": "https://registry.npmjs.org/mime/-/mime-1.2.11.tgz",
      "integrity": "sha512-Ysa2F/nqTNGHhhm9MV8ure4+Hc+Y8AWiqUdHxsO7xu8zc92ND9f3kpALHjaP026Ft17UfxrMt95c50PLUeynBw=="
    },
    "mime-db": {
      "version": "1.52.0",
      "resolved": "https://registry.npmjs.org/mime-db/-/mime-db-1.52.0.tgz",
      "integrity": "sha512-sPU4uV7dYlvtWJxwwxHD0PuihVNiE7TyAbQ5SWxDCB9mUYvOgroQOwYQQOKPJ8CIbE+1ETVlOoK1UC2nU3gYvg=="
    },
    "mime-types": {
      "version": "2.1.35",
      "resolved": "https://registry.npmjs.org/mime-types/-/mime-types-2.1.35.tgz",
      "integrity": "sha512-ZDY+bPm5zTTF+YpCrAU9nK0UgICYPT0QtT1NZWFv4s++TNkcgVaT0g6+4R2uI4MjQjzysHB1zxuWL50hzaeXiw==",
      "requires": {
        "mime-db": "1.52.0"
      }
    },
    "ms": {
      "version": "0.7.0",
      "resolved": "https://registry.npmjs.org/ms/-/ms-0.7.0.tgz",
      "integrity": "sha512-YmuMMkfOZzzAftlHwiQxFepJx/5rDaYi9o9QanyBCk485BRAyM/vB9XoYlZvglxE/pmAWOiQgrdoE10watiK9w=="
    },
    "native-or-bluebird": {
      "version": "1.1.2",
      "resolved": "https://registry.npmjs.org/native-or-bluebird/-/native-or-bluebird-1.1.2.tgz",
      "integrity": "sha512-Bgn5FHNkd+lPTjIzq1NVU/VZTvPKFvhdIDEyYjxrKNrScSXbVvNVzOKwoleysun0/HoN7R+TXmK9mCtEs84osA=="
    },
    "negotiator": {
      "version": "0.5.3",
      "resolved": "https://registry.npmjs.org/negotiator/-/negotiator-0.5.3.tgz",
      "integrity": "sha512-oXmnazqehLNFohqgLxRyUdOQU9/UX0NpCpsnbjWUjM62ZM8oSOXYZpHc68XR130ftPNano0oQXGdREAplZRhaQ=="
    },
    "node-forge": {
      "version": "0.2.24",
      "resolved": "https://registry.npmjs.org/node-forge/-/node-forge-0.2.24.tgz",
      "integrity": "sha512-1y4WL1S6NQxoWH/pwweve88fhXD0tbMfiakZileMHDJDbhXjPh5omL2B5EVDtjdGkBOrTxqRjE3y8tucCl7AfQ=="
    },
    "on-finished": {
      "version": "2.2.1",
      "resolved": "https://registry.npmjs.org/on-finished/-/on-finished-2.2.1.tgz",
      "integrity": "sha512-9HvMYLv7im5uzOAcg1lon2cEUxycCF4OI+zPz1R/x3MvBv5s2F+DuxrGwkPe+UwvStDQpWbrkXfLZv12mHbl4A==",
      "requires": {
        "ee-first": "1.1.0"
      }
    },
    "on-headers": {
      "version": "1.0.2",
      "resolved": "https://registry.npmjs.org/on-headers/-/on-headers-1.0.2.tgz",
      "integrity": "sha512-pZAE+FJLoyITytdqK0U5s+FIpjN0JP3OzFi/u8Rx+EV5/W+JTWGXG8xFzevE7AjBfDqHv/8vL8qQsIhHnqRkrA=="
    },
    "parseurl": {
      "version": "1.3.3",
      "resolved": "https://registry.npmjs.org/parseurl/-/parseurl-1.3.3.tgz",
      "integrity": "sha512-CiyeOxFT/JZyN5m0z9PfXw4SCBJ6Sygz1Dpl0wqjlhDEGGBP1GnsUVEL0p63hoG1fcj3fHynXi9NYO4nWOL+qQ=="
    },
    "passport": {
      "version": "0.2.1",
      "resolved": "https://registry.npmjs.org/passport/-/passport-0.2.1.tgz",
      "integrity": "sha512-lWRGlbd6uq6f2gJAudQn4B7dslanskdFDEZRYAF7fCjD+KhAjy8hqpJXZJLIbbkOtmrRLzMvelBigSvzMBK7oQ==",
      "requires": {
        "passport-strategy": "1.x.x",
        "pause": "0.0.1"
      }
    },
    "passport-saml": {
      "version": "0.9.0",
      "resolved": "https://registry.npmjs.org/passport-saml/-/passport-saml-0.9.0.tgz",
      "integrity": "sha512-82Di+/NJiUVJFSa+Jn3LnHKSQp7Sktio++eQRSKZlwxZHPoyCyJ17EhrV3x6NKcvvh74WkjW38hp/527iojyqQ==",
      "requires": {
        "passport": "0.2.x",
        "q": "1.1.x",
        "xml-crypto": "0.1.x",
        "xml-encryption": "~0.7",
        "xml2js": "0.4.x",
        "xmlbuilder": "~2.4",
        "xmldom": "0.1.x"
      }
    },
    "passport-strategy": {
      "version": "1.0.0",
      "resolved": "https://registry.npmjs.org/passport-strategy/-/passport-strategy-1.0.0.tgz",
      "integrity": "sha512-CB97UUvDKJde2V0KDWWB3lyf6PC3FaZP7YxZ2G8OAtn9p4HI9j9JLP9qjOGZFvyl8uwNT8qM+hGnz/n16NI7oA=="
    },
    "path-to-regexp": {
      "version": "0.1.3",
      "resolved": "https://registry.npmjs.org/path-to-regexp/-/path-to-regexp-0.1.3.tgz",
      "integrity": "sha512-sd4vSOW+DCM6A5aRICI1CWaC7nufnzVpZfuh5T0VXshxxzFWuaFcvqKovAFLNGReOc+uZRptpcpPmn7CDvzLuA=="
    },
    "pause": {
      "version": "0.0.1",
      "resolved": "https://registry.npmjs.org/pause/-/pause-0.0.1.tgz",
      "integrity": "sha512-KG8UEiEVkR3wGEb4m5yZkVCzigAD+cVEJck2CzYZO37ZGJfctvVptVO192MwrtPhzONn6go8ylnOdMhKqi4nfg=="
    },
    "proxy-addr": {
      "version": "1.0.10",
      "resolved": "https://registry.npmjs.org/proxy-addr/-/proxy-addr-1.0.10.tgz",
      "integrity": "sha512-iq6kR9KN32aFvXjDyC8nIrm203AHeIBPjL6dpaHgSdbpTO8KoPlD0xG92xwwtkCL9+yt1LE5VwpEk43TyP38Dg==",
      "requires": {
        "forwarded": "~0.1.0",
        "ipaddr.js": "1.0.5"
      }
    },
    "q": {
      "version": "1.1.2",
      "resolved": "https://registry.npmjs.org/q/-/q-1.1.2.tgz",
      "integrity": "sha512-ROtylwux7Vkc4C07oKE/ReigUmb33kVoLtcR4SJ1QVqwaZkBEDL3vX4/kwFzIERQ5PfCl0XafbU8u2YUhyGgVA=="
    },
    "qs": {
      "version": "2.3.3",
      "resolved": "https://registry.npmjs.org/qs/-/qs-2.3.3.tgz",
      "integrity": "sha512-f5M0HQqZWkzU8GELTY8LyMrGkr3bPjKoFtTkwUEqJQbcljbeK8M7mliP9Ia2xoOI6oMerp+QPS7oYJtpGmWe/A=="
    },
    "range-parser": {
      "version": "1.0.3",
      "resolved": "https://registry.npmjs.org/range-parser/-/range-parser-1.0.3.tgz",
      "integrity": "sha512-nDsRrtIxVUO5opg/A8T2S3ebULVIfuh8ECbh4w3N4mWxIiT3QILDJDUQayPqm2e8Q8NUa0RSUkGCfe33AfjR3Q=="
    },
    "raw-body": {
      "version": "1.3.2",
      "resolved": "https://registry.npmjs.org/raw-body/-/raw-body-1.3.2.tgz",
      "integrity": "sha512-mo8/xcztEzTWt6oNV48j4fDf+YyLUEGhO+tZ1XUvlya1XV4yR343PtP6a/1ozJmVMUoEMB0YcNpBuF3o5t8csA==",
      "requires": {
        "bytes": "1.0.0",
        "iconv-lite": "0.4.6"
      }
    },
    "sax": {
      "version": "1.2.4",
      "resolved": "https://registry.npmjs.org/sax/-/sax-1.2.4.tgz",
      "integrity": "sha512-NqVDv9TpANUjFm0N8uM5GxL36UgKi9/atZw+x7YFnQ8ckwFGKrl4xX4yWtrey3UJm5nP1kUbnYgLopqWNSRhWw=="
    },
    "send": {
      "version": "0.11.1",
      "resolved": "https://registry.npmjs.org/send/-/send-0.11.1.tgz",
      "integrity": "sha512-OeD0vwGXsQpyrdGganLdZRYOZFOM5Acb99nloxNcx7ECJfqB4XUGUfFNE12/TU1VwpJnCUt1XFIT02prFFHdzg==",
      "requires": {
        "debug": "~2.1.1",
        "depd": "~1.0.0",
        "destroy": "1.0.3",
        "escape-html": "1.0.1",
        "etag": "~1.5.1",
        "fresh": "0.2.4",
        "mime": "1.2.11",
        "ms": "0.7.0",
        "on-finished": "~2.2.0",
        "range-parser": "~1.0.2"
      }
    },
    "serve-static": {
      "version": "1.8.1",
      "resolved": "https://registry.npmjs.org/serve-static/-/serve-static-1.8.1.tgz",
      "integrity": "sha512-6VxXIbQ64SVDQ+tcPHuibd5NUI23jRY0BQhafagbv1wahH5LDslYIpJtYl/KQrRSu1U7ax54+gWFm9yrxqLBiw==",
      "requires": {
        "escape-html": "1.0.1",
        "parseurl": "~1.3.0",
        "send": "0.11.1",
        "utils-merge": "1.0.0"
      }
    },
    "type-is": {
      "version": "1.5.7",
      "resolved": "https://registry.npmjs.org/type-is/-/type-is-1.5.7.tgz",
      "integrity": "sha512-of68V0oUmVH4thGc1cLR3sKdICPsaL7kzpYc7FX1pcagY4eIllhyMqQcoOq289f+xj2orm8oPWwsCwxiCgVJbQ==",
      "requires": {
        "media-typer": "0.3.0",
        "mime-types": "~2.0.9"
      },
      "dependencies": {
        "mime-db": {
          "version": "1.12.0",
          "resolved": "https://registry.npmjs.org/mime-db/-/mime-db-1.12.0.tgz",
          "integrity": "sha512-5aMAW7I4jZoZB27fXRuekqc4DVvJ7+hM8UcWrNj2mqibE54gXgPSonBYBdQW5hyaVNGmiYjY0ZMqn9fBefWYvA=="
        },
        "mime-types": {
          "version": "2.0.14",
          "resolved": "https://registry.npmjs.org/mime-types/-/mime-types-2.0.14.tgz",
          "integrity": "sha512-2ZHUEstNkIf2oTWgtODr6X0Cc4Ns/RN/hktdozndiEhhAC2wxXejF1FH0XLHTEImE9h6gr/tcnr3YOnSGsxc7Q==",
          "requires": {
            "mime-db": "~1.12.0"
          }
        }
      }
    },
    "uid-safe": {
      "version": "1.0.3",
      "resolved": "https://registry.npmjs.org/uid-safe/-/uid-safe-1.0.3.tgz",
      "integrity": "sha512-g2RZv8L/xYNH387VHtJ2id5XJ+Wzp1kc3MCHVf+eGlav0/3b7GtvgEUX3kKT5gM1SiN14H9eskbTgUPrlXcTEA==",
      "requires": {
        "base64-url": "1.2.0",
        "native-or-bluebird": "~1.1.2"
      }
    },
    "utils-merge": {
      "version": "1.0.0",
      "resolved": "https://registry.npmjs.org/utils-merge/-/utils-merge-1.0.0.tgz",
      "integrity": "sha512-HwU9SLQEtyo+0uoKXd1nkLqigUWLB+QuNQR4OcmB73eWqksM5ovuqcycks2x043W8XVb75rG1HQ0h93TMXkzQQ=="
    },
    "vary": {
      "version": "1.0.1",
      "resolved": "https://registry.npmjs.org/vary/-/vary-1.0.1.tgz",
      "integrity": "sha512-yNsH+tC0r8quK2tg/yqkXqqaYzeKTkSqQ+8T6xCoWgOi/bU/omMYz+6k+I91JJJDeltJzI7oridTOq6OYkY0Tw=="
    },
    "xml-crypto": {
      "version": "0.1.26",
      "resolved": "https://registry.npmjs.org/xml-crypto/-/xml-crypto-0.1.26.tgz",
      "integrity": "sha512-EI62dZkER6sf1AYCr4lYxItofBFuqOHjid1kauQxTyUPDyzbXNgG1hy/HAOWbAknb+pxRfy0PhHBgCheCkvfZQ==",
      "requires": {
        "xmldom": "=0.1.16",
        "xmldom-fork-fixed": ">=0.0.1",
        "xpath.js": ">=0.0.3"
      },
      "dependencies": {
        "xmldom": {
          "version": "0.1.16",
          "resolved": "https://registry.npmjs.org/xmldom/-/xmldom-0.1.16.tgz",
          "integrity": "sha512-BAf7j3VCoH0YKmJkdN1yXDeHRj+T9Z2oxIhuaSvX3NigmNEInT9o9We6T+Ruh75hLZQBnATmekSmd0nd6GGrow=="
        }
      }
    },
    "xml-encryption": {
      "version": "0.7.4",
      "resolved": "https://registry.npmjs.org/xml-encryption/-/xml-encryption-0.7.4.tgz",
      "integrity": "sha512-gwwKa9TwNT8S4dimixE+k4wsOOxK6Rt7ctxGRtuZyT7bWPvJwMTbYLLDKu7WG19vKwDMqMqGkVjbLQquKDY7pw==",
      "requires": {
        "async": "~0.2.7",
        "ejs": "~0.8.3",
        "node-forge": "0.2.24",
        "xmldom": "~0.1.15",
        "xpath": "0.0.5"
      }
    },
    "xml2js": {
      "version": "0.4.23",
      "resolved": "https://registry.npmjs.org/xml2js/-/xml2js-0.4.23.tgz",
      "integrity": "sha512-ySPiMjM0+pLDftHgXY4By0uswI3SPKLDw/i3UXbnO8M/p28zqexCUoPmQFrYD+/1BzhGJSs2i1ERWKJAtiLrug==",
      "requires": {
        "sax": ">=0.6.0",
        "xmlbuilder": "~11.0.0"
      },
      "dependencies": {
        "xmlbuilder": {
          "version": "11.0.1",
          "resolved": "https://registry.npmjs.org/xmlbuilder/-/xmlbuilder-11.0.1.tgz",
          "integrity": "sha512-fDlsI/kFEx7gLvbecc0/ohLG50fugQp8ryHzMTuW9vSa1GJ0XYWKnhsUx7oie3G98+r56aTQIUB4kht42R3JvA=="
        }
      }
    },
    "xmlbuilder": {
      "version": "2.4.6",
      "resolved": "https://registry.npmjs.org/xmlbuilder/-/xmlbuilder-2.4.6.tgz",
      "integrity": "sha512-XlzrGzmre47IttBpwbRQMWYhuY4wQbDxcmMnNosPTHr/Rd7/BIBvlvyvDanG9vrYAQDiX8CmMo+XpmGfsoGBJg==",
      "requires": {
        "lodash-node": "~2.4.1"
      }
    },
    "xmldom": {
      "version": "0.1.31",
      "resolved": "https://registry.npmjs.org/xmldom/-/xmldom-0.1.31.tgz",
      "integrity": "sha512-yS2uJflVQs6n+CyjHoaBmVSqIDevTAWrzMmjG1Gc7h1qQ7uVozNhEPJAwZXWyGQ/Gafo3fCwrcaokezLPupVyQ=="
    },
    "xmldom-fork-fixed": {
      "version": "0.0.1",
      "resolved": "https://registry.npmjs.org/xmldom-fork-fixed/-/xmldom-fork-fixed-0.0.1.tgz",
      "integrity": "sha512-XAh4oO++IkICsegrDes1I25uAUS8fZY0ZrIxqtrTUuMkqsif3jykAqmb4JBdenM2F208RPESdnSEZnADRoDiuw=="
    },
    "xpath": {
      "version": "0.0.5",
      "resolved": "https://registry.npmjs.org/xpath/-/xpath-0.0.5.tgz",
      "integrity": "sha512-Y1Oyy8lyIDwWpmKIWBF0RZrQOP1fzE12G0ekSB1yzKPtbAdCI5sBCqBU/CAZUkKk81OXuq9tul/5lyNS+22iKg=="
    },
    "xpath.js": {
      "version": "1.1.0",
      "resolved": "https://registry.npmjs.org/xpath.js/-/xpath.js-1.1.0.tgz",
      "integrity": "sha512-jg+qkfS4K8E7965sqaUl8mRngXiKb3WZGfONgE18pr03FUQiuSV6G+Ej4tS55B+rIQSFEIw3phdVAQ4pPqNWfQ=="
    }
  }
}
